
Microsoft Visual Studio Solution File, Format Version 12.00
# Visual Studio Version 16
VisualStudioVersion = 16.0.29123.88
MinimumVisualStudioVersion = 10.0.40219.1
Project("{FAE04EC0-301F-11D3-BF4B-00C04F79EFBC}") = "Admandev.Switch", "Admandev.Switch\Admandev.Switch.csproj", "{13EE353D-DDD7-478C-B241-7E951FC60727}"
EndProject
Project("{FAE04EC0-301F-11D3-BF4B-00C04F79EFBC}") = "TestApp", "TestApp\TestApp.csproj", "{46178E61-B7B4-4BA8-AB74-76851F9091DD}"
EndProject
Global
	GlobalSection(SolutionConfigurationPlatforms) = preSolution
		Debug|Any CPU = Debug|Any CPU
		Release|Any CPU = Release|Any CPU
	EndGlobalSection
	GlobalSection(ProjectConfigurationPlatforms) = postSolution
		{13EE353D-DDD7-478C-B241-7E951FC60727}.Debug|Any CPU.ActiveCfg = Debug|Any CPU
		{13EE353D-DDD7-478C-B241-7E951FC60727}.Debug|Any CPU.Build.0 = Debug|Any CPU
		{13EE353D-DDD7-478C-B241-7E951FC60727}.Release|Any CPU.ActiveCfg = Release|Any CPU
		{13EE353D-DDD7-478C-B241-7E951FC60727}.Release|Any CPU.Build.0 = Release|Any CPU
		{46178E61-B7B4-4BA8-AB74-76851F9091DD}.Debug|Any CPU.ActiveCfg = Debug|Any CPU
		{46178E61-B7B4-4BA8-AB74-76851F9091DD}.Debug|Any CPU.Build.0 = Debug|Any CPU
		{46178E61-B7B4-4BA8-AB74-76851F9091DD}.Release|Any CPU.ActiveCfg = Release|Any CPU
		{46178E61-B7B4-4BA8-AB74-76851F9091DD}.Release|Any CPU.Build.0 = Release|Any CPU
	EndGlobalSection
	GlobalSection(SolutionProperties) = preSolution
		HideSolutionNode = FALSE
	EndGlobalSection
	GlobalSection(ExtensibilityGlobals) = postSolution
		SolutionGuid = {A9CCC87F-BE88-45A9-9CD7-8642D696B6BC}
	EndGlobalSection
EndGlobal
